
Microsoft Visual Studio Solution File, Format Version 12.00
# Visual Studio Version 16
VisualStudioVersion = 16.0.29503.13
MinimumVisualStudioVersion = 10.0.40219.1
Project("{FAE04EC0-301F-11D3-BF4B-00C04F79EFBC}") = "TKProcessor", "TKProcessor\TKProcessor.csproj", "{46CF0544-F0AF-448B-8F7A-01EE04ABCF09}"
EndProject
Project("{FAE04EC0-301F-11D3-BF4B-00C04F79EFBC}") = "TKProcessor.WPF", "TKProcessor.WPF\TKProcessor.WPF.csproj", "{F3723C7C-FA58-4DA8-A709-907F75FC23BB}"
EndProject
Project("{FAE04EC0-301F-11D3-BF4B-00C04F79EFBC}") = "TKProcessor.Test", "TKProcessor.Test\TKProcessor.Test.csproj", "{192E99A0-F6C4-479C-9ACF-F935CAC4C965}"
EndProject
Project("{FAE04EC0-301F-11D3-BF4B-00C04F79EFBC}") = "TKProcessor.Common", "TKProcessor.Common\TKProcessor.Common.csproj", "{FC281C27-5DC5-431D-9176-86E3EC953077}"
EndProject
Project("{F14B399A-7131-4C87-9E4B-1186C45EF12D}") = "TKProcessor.Reports", "TKProcessor.Reports\TKProcessor.Reports.rptproj", "{031AC499-C332-4BD0-94C5-36AB511B7E53}"
EndProject
Project("{2150E333-8FDC-42A3-9474-1A3956D46DE8}") = "Biometrics Integration", "Biometrics Integration", "{D7B7C841-922B-4CE8-B416-448F3A079289}"
EndProject
Project("{FAE04EC0-301F-11D3-BF4B-00C04F79EFBC}") = "BiometricsIntegrationWebAPI", "BiometricsIntegrationWebAPI\BiometricsIntegrationWebAPI.csproj", "{3E24914F-6AE4-453E-B399-F92849712377}"
EndProject
Project("{FAE04EC0-301F-11D3-BF4B-00C04F79EFBC}") = "IntegrationClient", "IntegrationClient\IntegrationClient.csproj", "{E0076BD2-21DF-4335-B2B5-1ADDBF4856B2}"
EndProject
Global
	GlobalSection(SolutionConfigurationPlatforms) = preSolution
		Debug|Any CPU = Debug|Any CPU
		DebugLocal|Any CPU = DebugLocal|Any CPU
		Release|Any CPU = Release|Any CPU
	EndGlobalSection
	GlobalSection(ProjectConfigurationPlatforms) = postSolution
		{46CF0544-F0AF-448B-8F7A-01EE04ABCF09}.Debug|Any CPU.ActiveCfg = Debug|Any CPU
		{46CF0544-F0AF-448B-8F7A-01EE04ABCF09}.Debug|Any CPU.Build.0 = Debug|Any CPU
		{46CF0544-F0AF-448B-8F7A-01EE04ABCF09}.DebugLocal|Any CPU.ActiveCfg = Debug|Any CPU
		{46CF0544-F0AF-448B-8F7A-01EE04ABCF09}.DebugLocal|Any CPU.Build.0 = Debug|Any CPU
		{46CF0544-F0AF-448B-8F7A-01EE04ABCF09}.Release|Any CPU.ActiveCfg = Release|Any CPU
		{46CF0544-F0AF-448B-8F7A-01EE04ABCF09}.Release|Any CPU.Build.0 = Release|Any CPU
		{F3723C7C-FA58-4DA8-A709-907F75FC23BB}.Debug|Any CPU.ActiveCfg = Debug|Any CPU
		{F3723C7C-FA58-4DA8-A709-907F75FC23BB}.Debug|Any CPU.Build.0 = Debug|Any CPU
		{F3723C7C-FA58-4DA8-A709-907F75FC23BB}.DebugLocal|Any CPU.ActiveCfg = Debug|Any CPU
		{F3723C7C-FA58-4DA8-A709-907F75FC23BB}.DebugLocal|Any CPU.Build.0 = Debug|Any CPU
		{F3723C7C-FA58-4DA8-A709-907F75FC23BB}.Release|Any CPU.ActiveCfg = Release|Any CPU
		{F3723C7C-FA58-4DA8-A709-907F75FC23BB}.Release|Any CPU.Build.0 = Release|Any CPU
		{192E99A0-F6C4-479C-9ACF-F935CAC4C965}.Debug|Any CPU.ActiveCfg = Debug|Any CPU
		{192E99A0-F6C4-479C-9ACF-F935CAC4C965}.Debug|Any CPU.Build.0 = Debug|Any CPU
		{192E99A0-F6C4-479C-9ACF-F935CAC4C965}.DebugLocal|Any CPU.ActiveCfg = Debug|Any CPU
		{192E99A0-F6C4-479C-9ACF-F935CAC4C965}.DebugLocal|Any CPU.Build.0 = Debug|Any CPU
		{192E99A0-F6C4-479C-9ACF-F935CAC4C965}.Release|Any CPU.ActiveCfg = Release|Any CPU
		{192E99A0-F6C4-479C-9ACF-F935CAC4C965}.Release|Any CPU.Build.0 = Release|Any CPU
		{FC281C27-5DC5-431D-9176-86E3EC953077}.Debug|Any CPU.ActiveCfg = Debug|Any CPU
		{FC281C27-5DC5-431D-9176-86E3EC953077}.Debug|Any CPU.Build.0 = Debug|Any CPU
		{FC281C27-5DC5-431D-9176-86E3EC953077}.DebugLocal|Any CPU.ActiveCfg = Debug|Any CPU
		{FC281C27-5DC5-431D-9176-86E3EC953077}.DebugLocal|Any CPU.Build.0 = Debug|Any CPU
		{FC281C27-5DC5-431D-9176-86E3EC953077}.Release|Any CPU.ActiveCfg = Release|Any CPU
		{FC281C27-5DC5-431D-9176-86E3EC953077}.Release|Any CPU.Build.0 = Release|Any CPU
		{031AC499-C332-4BD0-94C5-36AB511B7E53}.Debug|Any CPU.ActiveCfg = Debug
		{031AC499-C332-4BD0-94C5-36AB511B7E53}.Debug|Any CPU.Build.0 = Debug
		{031AC499-C332-4BD0-94C5-36AB511B7E53}.Debug|Any CPU.Deploy.0 = Debug
		{031AC499-C332-4BD0-94C5-36AB511B7E53}.DebugLocal|Any CPU.ActiveCfg = DebugLocal
		{031AC499-C332-4BD0-94C5-36AB511B7E53}.DebugLocal|Any CPU.Build.0 = DebugLocal
		{031AC499-C332-4BD0-94C5-36AB511B7E53}.Release|Any CPU.ActiveCfg = Release
		{031AC499-C332-4BD0-94C5-36AB511B7E53}.Release|Any CPU.Build.0 = Release
		{031AC499-C332-4BD0-94C5-36AB511B7E53}.Release|Any CPU.Deploy.0 = Release
		{3E24914F-6AE4-453E-B399-F92849712377}.Debug|Any CPU.ActiveCfg = Debug|Any CPU
		{3E24914F-6AE4-453E-B399-F92849712377}.Debug|Any CPU.Build.0 = Debug|Any CPU
		{3E24914F-6AE4-453E-B399-F92849712377}.DebugLocal|Any CPU.ActiveCfg = Debug|Any CPU
		{3E24914F-6AE4-453E-B399-F92849712377}.DebugLocal|Any CPU.Build.0 = Debug|Any CPU
		{3E24914F-6AE4-453E-B399-F92849712377}.Release|Any CPU.ActiveCfg = Release|Any CPU
		{3E24914F-6AE4-453E-B399-F92849712377}.Release|Any CPU.Build.0 = Release|Any CPU
		{E0076BD2-21DF-4335-B2B5-1ADDBF4856B2}.Debug|Any CPU.ActiveCfg = Debug|Any CPU
		{E0076BD2-21DF-4335-B2B5-1ADDBF4856B2}.Debug|Any CPU.Build.0 = Debug|Any CPU
		{E0076BD2-21DF-4335-B2B5-1ADDBF4856B2}.DebugLocal|Any CPU.ActiveCfg = Debug|Any CPU
		{E0076BD2-21DF-4335-B2B5-1ADDBF4856B2}.DebugLocal|Any CPU.Build.0 = Debug|Any CPU
		{E0076BD2-21DF-4335-B2B5-1ADDBF4856B2}.Release|Any CPU.ActiveCfg = Release|Any CPU
		{E0076BD2-21DF-4335-B2B5-1ADDBF4856B2}.Release|Any CPU.Build.0 = Release|Any CPU
	EndGlobalSection
	GlobalSection(SolutionProperties) = preSolution
		HideSolutionNode = FALSE
	EndGlobalSection
	GlobalSection(NestedProjects) = preSolution
		{3E24914F-6AE4-453E-B399-F92849712377} = {D7B7C841-922B-4CE8-B416-448F3A079289}
		{E0076BD2-21DF-4335-B2B5-1ADDBF4856B2} = {D7B7C841-922B-4CE8-B416-448F3A079289}
	EndGlobalSection
	GlobalSection(ExtensibilityGlobals) = postSolution
		SolutionGuid = {4E935FC4-E0D2-4F36-86CF-8F54EF89FAE2}
	EndGlobalSection
EndGlobal
